// !$*UTF8*$!
{
	archiveVersion = 1;
	classes = {
	};
	objectVersion = 46;
	objects = {

/* Begin PBXBuildFile section */
		1D0FF0581ECED23200022452 /* AppDelegate.swift in Sources */ = {isa = PBXBuildFile; fileRef = 1D0FF0571ECED23200022452 /* AppDelegate.swift */; };
		1D0FF05A1ECED23200022452 /* ViewController.swift in Sources */ = {isa = PBXBuildFile; fileRef = 1D0FF0591ECED23200022452 /* ViewController.swift */; };
		1D0FF05D1ECED23200022452 /* Main.storyboard in Resources */ = {isa = PBXBuildFile; fileRef = 1D0FF05B1ECED23200022452 /* Main.storyboard */; };
		1D0FF05F1ECED23200022452 /* Assets.xcassets in Resources */ = {isa = PBXBuildFile; fileRef = 1D0FF05E1ECED23200022452 /* Assets.xcassets */; };
		1D0FF0621ECED23200022452 /* LaunchScreen.storyboard in Resources */ = {isa = PBXBuildFile; fileRef = 1D0FF0601ECED23200022452 /* LaunchScreen.storyboard */; };
		1D0FF06D1ECED23200022452 /* SKFPageViewDemoTests.swift in Sources */ = {isa = PBXBuildFile; fileRef = 1D0FF06C1ECED23200022452 /* SKFPageViewDemoTests.swift */; };
		1D0FF0781ECED23200022452 /* SKFPageViewDemoUITests.swift in Sources */ = {isa = PBXBuildFile; fileRef = 1D0FF0771ECED23200022452 /* SKFPageViewDemoUITests.swift */; };
		1D0FF08B1ECED26000022452 /* SKFContentView.swift in Sources */ = {isa = PBXBuildFile; fileRef = 1D0FF0861ECED26000022452 /* SKFContentView.swift */; };
		1D0FF08C1ECED26000022452 /* SKFPageStyle.swift in Sources */ = {isa = PBXBuildFile; fileRef = 1D0FF0871ECED26000022452 /* SKFPageStyle.swift */; };
		1D0FF08D1ECED26000022452 /* SKFPageView.swift in Sources */ = {isa = PBXBuildFile; fileRef = 1D0FF0881ECED26000022452 /* SKFPageView.swift */; };
		1D0FF08E1ECED26000022452 /* SKFTitleView.swift in Sources */ = {isa = PBXBuildFile; fileRef = 1D0FF0891ECED26000022452 /* SKFTitleView.swift */; };
		1D0FF08F1ECED26000022452 /* UIColor-Extension.swift in Sources */ = {isa = PBXBuildFile; fileRef = 1D0FF08A1ECED26000022452 /* UIColor-Extension.swift */; };
/* End PBXBuildFile section */

/* Begin PBXContainerItemProxy section */
		1D0FF0691ECED23200022452 /* PBXContainerItemProxy */ = {
			isa = PBXContainerItemProxy;
			containerPortal = 1D0FF04C1ECED23200022452 /* Project object */;
			proxyType = 1;
			remoteGlobalIDString = 1D0FF0531ECED23200022452;
			remoteInfo = SKFPageViewDemo;
		};
		1D0FF0741ECED23200022452 /* PBXContainerItemProxy */ = {
			isa = PBXContainerItemProxy;
			containerPortal = 1D0FF04C1ECED23200022452 /* Project object */;
			proxyType = 1;
			remoteGlobalIDString = 1D0FF0531ECED23200022452;
			remoteInfo = SKFPageViewDemo;
		};
/* End PBXContainerItemProxy section */

/* Begin PBXFileReference section */
		1D0FF0541ECED23200022452 /* SKFPageViewDemo.app */ = {isa = PBXFileReference; explicitFileType = wrapper.application; includeInIndex = 0; path = SKFPageViewDemo.app; sourceTree = BUILT_PRODUCTS_DIR; };
		1D0FF0571ECED23200022452 /* AppDelegate.swift */ = {isa = PBXFileReference; lastKnownFileType = sourcecode.swift; path = AppDelegate.swift; sourceTree = "<group>"; };
		1D0FF0591ECED23200022452 /* ViewController.swift */ = {isa = PBXFileReference; lastKnownFileType = sourcecode.swift; path = ViewController.swift; sourceTree = "<group>"; };
		1D0FF05C1ECED23200022452 /* Base */ = {isa = PBXFileReference; lastKnownFileType = file.storyboard; name = Base; path = Base.lproj/Main.storyboard; sourceTree = "<group>"; };
		1D0FF05E1ECED23200022452 /* Assets.xcassets */ = {isa = PBXFileReference; lastKnownFileType = folder.assetcatalog; path = Assets.xcassets; sourceTree = "<group>"; };
		1D0FF0611ECED23200022452 /* Base */ = {isa = PBXFileReference; lastKnownFileType = file.storyboard; name = Base; path = Base.lproj/LaunchScreen.storyboard; sourceTree = "<group>"; };
		1D0FF0631ECED23200022452 /* Info.plist */ = {isa = PBXFileReference; lastKnownFileType = text.plist.xml; path = Info.plist; sourceTree = "<group>"; };
		1D0FF0681ECED23200022452 /* SKFPageViewDemoTests.xctest */ = {isa = PBXFileReference; explicitFileType = wrapper.cfbundle; includeInIndex = 0; path = SKFPageViewDemoTests.xctest; sourceTree = BUILT_PRODUCTS_DIR; };
		1D0FF06C1ECED23200022452 /* SKFPageViewDemoTests.swift */ = {isa = PBXFileReference; lastKnownFileType = sourcecode.swift; path = SKFPageViewDemoTests.swift; sourceTree = "<group>"; };
		1D0FF06E1ECED23200022452 /* Info.plist */ = {isa = PBXFileReference; lastKnownFileType = text.plist.xml; path = Info.plist; sourceTree = "<group>"; };
		1D0FF0731ECED23200022452 /* SKFPageViewDemoUITests.xctest */ = {isa = PBXFileReference; explicitFileType = wrapper.cfbundle; includeInIndex = 0; path = SKFPageViewDemoUITests.xctest; sourceTree = BUILT_PRODUCTS_DIR; };
		1D0FF0771ECED23200022452 /* SKFPageViewDemoUITests.swift */ = {isa = PBXFileReference; lastKnownFileType = sourcecode.swift; path = SKFPageViewDemoUITests.swift; sourceTree = "<group>"; };
		1D0FF0791ECED23200022452 /* Info.plist */ = {isa = PBXFileReference; lastKnownFileType = text.plist.xml; path = Info.plist; sourceTree = "<group>"; };
		1D0FF0861ECED26000022452 /* SKFContentView.swift */ = {isa = PBXFileReference; fileEncoding = 4; lastKnownFileType = sourcecode.swift; path = SKFContentView.swift; sourceTree = "<group>"; };
		1D0FF0871ECED26000022452 /* SKFPageStyle.swift */ = {isa = PBXFileReference; fileEncoding = 4; lastKnownFileType = sourcecode.swift; path = SKFPageStyle.swift; sourceTree = "<group>"; };
		1D0FF0881ECED26000022452 /* SKFPageView.swift */ = {isa = PBXFileReference; fileEncoding = 4; lastKnownFileType = sourcecode.swift; path = SKFPageView.swift; sourceTree = "<group>"; };
		1D0FF0891ECED26000022452 /* SKFTitleView.swift */ = {isa = PBXFileReference; fileEncoding = 4; lastKnownFileType = sourcecode.swift; path = SKFTitleView.swift; sourceTree = "<group>"; };
		1D0FF08A1ECED26000022452 /* UIColor-Extension.swift */ = {isa = PBXFileReference; fileEncoding = 4; lastKnownFileType = sourcecode.swift; path = "UIColor-Extension.swift"; sourceTree = "<group>"; };
/* End PBXFileReference section */

/* Begin PBXFrameworksBuildPhase section */
		1D0FF0511ECED23200022452 /* Frameworks */ = {
			isa = PBXFrameworksBuildPhase;
			buildActionMask = 2147483647;
			files = (
			);
			runOnlyForDeploymentPostprocessing = 0;
		};
		1D0FF0651ECED23200022452 /* Frameworks */ = {
			isa = PBXFrameworksBuildPhase;
			buildActionMask = 2147483647;
			files = (
			);
			runOnlyForDeploymentPostprocessing = 0;
		};
		1D0FF0701ECED23200022452 /* Frameworks */ = {
			isa = PBXFrameworksBuildPhase;
			buildActionMask = 2147483647;
			files = (
			);
			runOnlyForDeploymentPostprocessing = 0;
		};
/* End PBXFrameworksBuildPhase section */

/* Begin PBXGroup section */
		1D0FF04B1ECED23200022452 = {
			isa = PBXGroup;
			children = (
				1D0FF0561ECED23200022452 /* SKFPageViewDemo */,
				1D0FF06B1ECED23200022452 /* SKFPageViewDemoTests */,
				1D0FF0761ECED23200022452 /* SKFPageViewDemoUITests */,
				1D0FF0551ECED23200022452 /* Products */,
			);
			sourceTree = "<group>";
		};
		1D0FF0551ECED23200022452 /* Products */ = {
			isa = PBXGroup;
			children = (
				1D0FF0541ECED23200022452 /* SKFPageViewDemo.app */,
				1D0FF0681ECED23200022452 /* SKFPageViewDemoTests.xctest */,
				1D0FF0731ECED23200022452 /* SKFPageViewDemoUITests.xctest */,
			);
			name = Products;
			sourceTree = "<group>";
		};
		1D0FF0561ECED23200022452 /* SKFPageViewDemo */ = {
			isa = PBXGroup;
			children = (
				1D0FF0851ECED26000022452 /* SKFPageView */,
				1D0FF0571ECED23200022452 /* AppDelegate.swift */,
				1D0FF0591ECED23200022452 /* ViewController.swift */,
				1D0FF05B1ECED23200022452 /* Main.storyboard */,
				1D0FF05E1ECED23200022452 /* Assets.xcassets */,
				1D0FF0601ECED23200022452 /* LaunchScreen.storyboard */,
				1D0FF0631ECED23200022452 /* Info.plist */,
			);
			path = SKFPageViewDemo;
			sourceTree = "<group>";
		};
		1D0FF06B1ECED23200022452 /* SKFPageViewDemoTests */ = {
			isa = PBXGroup;
			children = (
				1D0FF06C1ECED23200022452 /* SKFPageViewDemoTests.swift */,
				1D0FF06E1ECED23200022452 /* Info.plist */,
			);
			path = SKFPageViewDemoTests;
			sourceTree = "<group>";
		};
		1D0FF0761ECED23200022452 /* SKFPageViewDemoUITests */ = {
			isa = PBXGroup;
			children = (
				1D0FF0771ECED23200022452 /* SKFPageViewDemoUITests.swift */,
				1D0FF0791ECED23200022452 /* Info.plist */,
			);
			path = SKFPageViewDemoUITests;
			sourceTree = "<group>";
		};
		1D0FF0851ECED26000022452 /* SKFPageView */ = {
			isa = PBXGroup;
			children = (
				1D0FF0861ECED26000022452 /* SKFContentView.swift */,
				1D0FF0871ECED26000022452 /* SKFPageStyle.swift */,
				1D0FF0881ECED26000022452 /* SKFPageView.swift */,
				1D0FF0891ECED26000022452 /* SKFTitleView.swift */,
				1D0FF08A1ECED26000022452 /* UIColor-Extension.swift */,
			);
			path = SKFPageView;
			sourceTree = "<group>";
		};
/* End PBXGroup section */

/* Begin PBXNativeTarget section */
		1D0FF0531ECED23200022452 /* SKFPageViewDemo */ = {
			isa = PBXNativeTarget;
			buildConfigurationList = 1D0FF07C1ECED23200022452 /* Build configuration list for PBXNativeTarget "SKFPageViewDemo" */;
			buildPhases = (
				1D0FF0501ECED23200022452 /* Sources */,
				1D0FF0511ECED23200022452 /* Frameworks */,
				1D0FF0521ECED23200022452 /* Resources */,
			);
			buildRules = (
			);
			dependencies = (
			);
			name = SKFPageViewDemo;
			productName = SKFPageViewDemo;
			productReference = 1D0FF0541ECED23200022452 /* SKFPageViewDemo.app */;
			productType = "com.apple.product-type.application";
		};
		1D0FF0671ECED23200022452 /* SKFPageViewDemoTests */ = {
			isa = PBXNativeTarget;
			buildConfigurationList = 1D0FF07F1ECED23200022452 /* Build configuration list for PBXNativeTarget "SKFPageViewDemoTests" */;
			buildPhases = (
				1D0FF0641ECED23200022452 /* Sources */,
				1D0FF0651ECED23200022452 /* Frameworks */,
				1D0FF0661ECED23200022452 /* Resources */,
			);
			buildRules = (
			);
			dependencies = (
				1D0FF06A1ECED23200022452 /* PBXTargetDependency */,
			);
			name = SKFPageViewDemoTests;
			productName = SKFPageViewDemoTests;
			productReference = 1D0FF0681ECED23200022452 /* SKFPageViewDemoTests.xctest */;
			productType = "com.apple.product-type.bundle.unit-test";
		};
		1D0FF0721ECED23200022452 /* SKFPageViewDemoUITests */ = {
			isa = PBXNativeTarget;
			buildConfigurationList = 1D0FF0821ECED23200022452 /* Build configuration list for PBXNativeTarget "SKFPageViewDemoUITests" */;
			buildPhases = (
				1D0FF06F1ECED23200022452 /* Sources */,
				1D0FF0701ECED23200022452 /* Frameworks */,
				1D0FF0711ECED23200022452 /* Resources */,
			);
			buildRules = (
			);
			dependencies = (
				1D0FF0751ECED23200022452 /* PBXTargetDependency */,
			);
			name = SKFPageViewDemoUITests;
			productName = SKFPageViewDemoUITests;
			productReference = 1D0FF0731ECED23200022452 /* SKFPageViewDemoUITests.xctest */;
			productType = "com.apple.product-type.bundle.ui-testing";
		};
/* End PBXNativeTarget section */

/* Begin PBXProject section */
		1D0FF04C1ECED23200022452 /* Project object */ = {
			isa = PBXProject;
			attributes = {
				LastSwiftUpdateCheck = 0830;
				LastUpgradeCheck = 0830;
				ORGANIZATIONNAME = "孙凯峰";
				TargetAttributes = {
					1D0FF0531ECED23200022452 = {
						CreatedOnToolsVersion = 8.3.2;
						ProvisioningStyle = Automatic;
					};
					1D0FF0671ECED23200022452 = {
						CreatedOnToolsVersion = 8.3.2;
						ProvisioningStyle = Automatic;
						TestTargetID = 1D0FF0531ECED23200022452;
					};
					1D0FF0721ECED23200022452 = {
						CreatedOnToolsVersion = 8.3.2;
						ProvisioningStyle = Automatic;
						TestTargetID = 1D0FF0531ECED23200022452;
					};
				};
			};
			buildConfigurationList = 1D0FF04F1ECED23200022452 /* Build configuration list for PBXProject "SKFPageViewDemo" */;
			compatibilityVersion = "Xcode 3.2";
			developmentRegion = English;
			hasScannedForEncodings = 0;
			knownRegions = (
				en,
				Base,
			);
			mainGroup = 1D0FF04B1ECED23200022452;
			productRefGroup = 1D0FF0551ECED23200022452 /* Products */;
			projectDirPath = "";
			projectRoot = "";
			targets = (
				1D0FF0531ECED23200022452 /* SKFPageViewDemo */,
				1D0FF0671ECED23200022452 /* SKFPageViewDemoTests */,
				1D0FF0721ECED23200022452 /* SKFPageViewDemoUITests */,
			);
		};
/* End PBXProject section */

/* Begin PBXResourcesBuildPhase section */
		1D0FF0521ECED23200022452 /* Resources */ = {
			isa = PBXResourcesBuildPhase;
			buildActionMask = 2147483647;
			files = (
				1D0FF0621ECED23200022452 /* LaunchScreen.storyboard in Resources */,
				1D0FF05F1ECED23200022452 /* Assets.xcassets in Resources */,
				1D0FF05D1ECED23200022452 /* Main.storyboard in Resources */,
			);
			runOnlyForDeploymentPostprocessing = 0;
		};
		1D0FF0661ECED23200022452 /* Resources */ = {
			isa = PBXResourcesBuildPhase;
			buildActionMask = 2147483647;
			files = (
			);
			runOnlyForDeploymentPostprocessing = 0;
		};
		1D0FF0711ECED23200022452 /* Resources */ = {
			isa = PBXResourcesBuildPhase;
			buildActionMask = 2147483647;
			files = (
			);
			runOnlyForDeploymentPostprocessing = 0;
		};
/* End PBXResourcesBuildPhase section */

/* Begin PBXSourcesBuildPhase section */
		1D0FF0501ECED23200022452 /* Sources */ = {
			isa = PBXSourcesBuildPhase;
			buildActionMask = 2147483647;
			files = (
				1D0FF05A1ECED23200022452 /* ViewController.swift in Sources */,
				1D0FF08B1ECED26000022452 /* SKFContentView.swift in Sources */,
				1D0FF08E1ECED26000022452 /* SKFTitleView.swift in Sources */,
				1D0FF0581ECED23200022452 /* AppDelegate.swift in Sources */,
				1D0FF08C1ECED26000022452 /* SKFPageStyle.swift in Sources */,
				1D0FF08F1ECED26000022452 /* UIColor-Extension.swift in Sources */,
				1D0FF08D1ECED26000022452 /* SKFPageView.swift in Sources */,
			);
			runOnlyForDeploymentPostprocessing = 0;
		};
		1D0FF0641ECED23200022452 /* Sources */ = {
			isa = PBXSourcesBuildPhase;
			buildActionMask = 2147483647;
			files = (
				1D0FF06D1ECED23200022452 /* SKFPageViewDemoTests.swift in Sources */,
			);
			runOnlyForDeploymentPostprocessing = 0;
		};
		1D0FF06F1ECED23200022452 /* Sources */ = {
			isa = PBXSourcesBuildPhase;
			buildActionMask = 2147483647;
			files = (
				1D0FF0781ECED23200022452 /* SKFPageViewDemoUITests.swift in Sources */,
			);
			runOnlyForDeploymentPostprocessing = 0;
		};
/* End PBXSourcesBuildPhase section */

/* Begin PBXTargetDependency section */
		1D0FF06A1ECED23200022452 /* PBXTargetDependency */ = {
			isa = PBXTargetDependency;
			target = 1D0FF0531ECED23200022452 /* SKFPageViewDemo */;
			targetProxy = 1D0FF0691ECED23200022452 /* PBXContainerItemProxy */;
		};
		1D0FF0751ECED23200022452 /* PBXTargetDependency */ = {
			isa = PBXTargetDependency;
			target = 1D0FF0531ECED23200022452 /* SKFPageViewDemo */;
			targetProxy = 1D0FF0741ECED23200022452 /* PBXContainerItemProxy */;
		};
/* End PBXTargetDependency section */

/* Begin PBXVariantGroup section */
		1D0FF05B1ECED23200022452 /* Main.storyboard */ = {
			isa = PBXVariantGroup;
			children = (
				1D0FF05C1ECED23200022452 /* Base */,
			);
			name = Main.storyboard;
			sourceTree = "<group>";
		};
		1D0FF0601ECED23200022452 /* LaunchScreen.storyboard */ = {
			isa = PBXVariantGroup;
			children = (
				1D0FF0611ECED23200022452 /* Base */,
			);
			name = LaunchScreen.storyboard;
			sourceTree = "<group>";
		};
/* End PBXVariantGroup section */

/* Begin XCBuildConfiguration section */
		1D0FF07A1ECED23200022452 /* Debug */ = {
			isa = XCBuildConfiguration;
			buildSettings = {
				ALWAYS_SEARCH_USER_PATHS = NO;
				CLANG_ANALYZER_NONNULL = YES;
				CLANG_ANALYZER_NUMBER_OBJECT_CONVERSION = YES_AGGRESSIVE;
				CLANG_CXX_LANGUAGE_STANDARD = "gnu++0x";
				CLANG_CXX_LIBRARY = "libc++";
				CLANG_ENABLE_MODULES = YES;
				CLANG_ENABLE_OBJC_ARC = YES;
				CLANG_WARN_BOOL_CONVERSION = YES;
				CLANG_WARN_CONSTANT_CONVERSION = YES;
				CLANG_WARN_DIRECT_OBJC_ISA_USAGE = YES_ERROR;
				CLANG_WARN_DOCUMENTATION_COMMENTS = YES;
				CLANG_WARN_EMPTY_BODY = YES;
				CLANG_WARN_ENUM_CONVERSION = YES;
				CLANG_WARN_INFINITE_RECURSION = YES;
				CLANG_WARN_INT_CONVERSION = YES;
				CLANG_WARN_OBJC_ROOT_CLASS = YES_ERROR;
				CLANG_WARN_SUSPICIOUS_MOVE = YES;
				CLANG_WARN_UNREACHABLE_CODE = YES;
				CLANG_WARN__DUPLICATE_METHOD_MATCH = YES;
				"CODE_SIGN_IDENTITY[sdk=iphoneos*]" = "iPhone Developer";
				COPY_PHASE_STRIP = NO;
				DEBUG_INFORMATION_FORMAT = dwarf;
				ENABLE_STRICT_OBJC_MSGSEND = YES;
				ENABLE_TESTABILITY = YES;
				GCC_C_LANGUAGE_STANDARD = gnu99;
				GCC_DYNAMIC_NO_PIC = NO;
				GCC_NO_COMMON_BLOCKS = YES;
				GCC_OPTIMIZATION_LEVEL = 0;
				GCC_PREPROCESSOR_DEFINITIONS = (
					"DEBUG=1",
					"$(inherited)",
				);
				GCC_WARN_64_TO_32_BIT_CONVERSION = YES;
				GCC_WARN_ABOUT_RETURN_TYPE = YES_ERROR;
				GCC_WARN_UNDECLARED_SELECTOR = YES;
				GCC_WARN_UNINITIALIZED_AUTOS = YES_AGGRESSIVE;
				GCC_WARN_UNUSED_FUNCTION = YES;
				GCC_WARN_UNUSED_VARIABLE = YES;
				IPHONEOS_DEPLOYMENT_TARGET = 10.3;
				MTL_ENABLE_DEBUG_INFO = YES;
				ONLY_ACTIVE_ARCH = YES;
				SDKROOT = iphoneos;
				SWIFT_ACTIVE_COMPILATION_CONDITIONS = DEBUG;
				SWIFT_OPTIMIZATION_LEVEL = "-Onone";
			};
			name = Debug;
		};
		1D0FF07B1ECED23200022452 /* Release */ = {
			isa = XCBuildConfiguration;
			buildSettings = {
				ALWAYS_SEARCH_USER_PATHS = NO;
				CLANG_ANALYZER_NONNULL = YES;
				CLANG_ANALYZER_NUMBER_OBJECT_CONVERSION = YES_AGGRESSIVE;
				CLANG_CXX_LANGUAGE_STANDARD = "gnu++0x";
				CLANG_CXX_LIBRARY = "libc++";
				CLANG_ENABLE_MODULES = YES;
				CLANG_ENABLE_OBJC_ARC = YES;
				CLANG_WARN_BOOL_CONVERSION = YES;
				CLANG_WARN_CONSTANT_CONVERSION = YES;
				CLANG_WARN_DIRECT_OBJC_ISA_USAGE = YES_ERROR;
				CLANG_WARN_DOCUMENTATION_COMMENTS = YES;
				CLANG_WARN_EMPTY_BODY = YES;
				CLANG_WARN_ENUM_CONVERSION = YES;
				CLANG_WARN_INFINITE_RECURSION = YES;
				CLANG_WARN_INT_CONVERSION = YES;
				CLANG_WARN_OBJC_ROOT_CLASS = YES_ERROR;
				CLANG_WARN_SUSPICIOUS_MOVE = YES;
				CLANG_WARN_UNREACHABLE_CODE = YES;
				CLANG_WARN__DUPLICATE_METHOD_MATCH = YES;
				"CODE_SIGN_IDENTITY[sdk=iphoneos*]" = "iPhone Developer";
				COPY_PHASE_STRIP = NO;
				DEBUG_INFORMATION_FORMAT = "dwarf-with-dsym";
				ENABLE_NS_ASSERTIONS = NO;
				ENABLE_STRICT_OBJC_MSGSEND = YES;
				GCC_C_LANGUAGE_STANDARD = gnu99;
				GCC_NO_COMMON_BLOCKS = YES;
				GCC_WARN_64_TO_32_BIT_CONVERSION = YES;
				GCC_WARN_ABOUT_RETURN_TYPE = YES_ERROR;
				GCC_WARN_UNDECLARED_SELECTOR = YES;
				GCC_WARN_UNINITIALIZED_AUTOS = YES_AGGRESSIVE;
				GCC_WARN_UNUSED_FUNCTION = YES;
				GCC_WARN_UNUSED_VARIABLE = YES;
				IPHONEOS_DEPLOYMENT_TARGET = 10.3;
				MTL_ENABLE_DEBUG_INFO = NO;
				SDKROOT = iphoneos;
				SWIFT_OPTIMIZATION_LEVEL = "-Owholemodule";
				VALIDATE_PRODUCT = YES;
			};
			name = Release;
		};
		1D0FF07D1ECED23200022452 /* Debug */ = {
			isa = XCBuildConfiguration;
			buildSettings = {
				ASSETCATALOG_COMPILER_APPICON_NAME = AppIcon;
				INFOPLIST_FILE = SKFPageViewDemo/Info.plist;
				LD_RUNPATH_SEARCH_PATHS = "$(inherited) @executable_path/Frameworks";
				PRODUCT_BUNDLE_IDENTIFIER = s.SKFPageViewDemo;
				PRODUCT_NAME = "$(TARGET_NAME)";
				SWIFT_VERSION = 3.0;
			};
			name = Debug;
		};
		1D0FF07E1ECED23200022452 /* Release */ = {
			isa = XCBuildConfiguration;
			buildSettings = {
				ASSETCATALOG_COMPILER_APPICON_NAME = AppIcon;
				INFOPLIST_FILE = SKFPageViewDemo/Info.plist;
				LD_RUNPATH_SEARCH_PATHS = "$(inherited) @executable_path/Frameworks";
				PRODUCT_BUNDLE_IDENTIFIER = s.SKFPageViewDemo;
				PRODUCT_NAME = "$(TARGET_NAME)";
				SWIFT_VERSION = 3.0;
			};
			name = Release;
		};
		1D0FF0801ECED23200022452 /* Debug */ = {
			isa = XCBuildConfiguration;
			buildSettings = {
				ALWAYS_EMBED_SWIFT_STANDARD_LIBRARIES = YES;
				BUNDLE_LOADER = "$(TEST_HOST)";
				INFOPLIST_FILE = SKFPageViewDemoTests/Info.plist;
				LD_RUNPATH_SEARCH_PATHS = "$(inherited) @executable_path/Frameworks @loader_path/Frameworks";
				PRODUCT_BUNDLE_IDENTIFIER = s.SKFPageViewDemoTests;
				PRODUCT_NAME = "$(TARGET_NAME)";
				SWIFT_VERSION = 3.0;
				TEST_HOST = "$(BUILT_PRODUCTS_DIR)/SKFPageViewDemo.app/SKFPageViewDemo";
			};
			name = Debug;
		};
		1D0FF0811ECED23200022452 /* Release */ = {
			isa = XCBuildConfiguration;
			buildSettings = {
				ALWAYS_EMBED_SWIFT_STANDARD_LIBRARIES = YES;
				BUNDLE_LOADER = "$(TEST_HOST)";
				INFOPLIST_FILE = SKFPageViewDemoTests/Info.plist;
				LD_RUNPATH_SEARCH_PATHS = "$(inherited) @executable_path/Frameworks @loader_path/Frameworks";
				PRODUCT_BUNDLE_IDENTIFIER = s.SKFPageViewDemoTests;
				PRODUCT_NAME = "$(TARGET_NAME)";
				SWIFT_VERSION = 3.0;
				TEST_HOST = "$(BUILT_PRODUCTS_DIR)/SKFPageViewDemo.app/SKFPageViewDemo";
			};
			name = Release;
		};
		1D0FF0831ECED23200022452 /* Debug */ = {
			isa = XCBuildConfiguration;
			buildSettings = {
				ALWAYS_EMBED_SWIFT_STANDARD_LIBRARIES = YES;
				INFOPLIST_FILE = SKFPageViewDemoUITests/Info.plist;
				LD_RUNPATH_SEARCH_PATHS = "$(inherited) @executable_path/Frameworks @loader_path/Frameworks";
				PRODUCT_BUNDLE_IDENTIFIER = s.SKFPageViewDemoUITests;
				PRODUCT_NAME = "$(TARGET_NAME)";
				SWIFT_VERSION = 3.0;
				TEST_TARGET_NAME = SKFPageViewDemo;
			};
			name = Debug;
		};
		1D0FF0841ECED23200022452 /* Release */ = {
			isa = XCBuildConfiguration;
			buildSettings = {
				ALWAYS_EMBED_SWIFT_STANDARD_LIBRARIES = YES;
				INFOPLIST_FILE = SKFPageViewDemoUITests/Info.plist;
				LD_RUNPATH_SEARCH_PATHS = "$(inherited) @executable_path/Frameworks @loader_path/Frameworks";
				PRODUCT_BUNDLE_IDENTIFIER = s.SKFPageViewDemoUITests;
				PRODUCT_NAME = "$(TARGET_NAME)";
				SWIFT_VERSION = 3.0;
				TEST_TARGET_NAME = SKFPageViewDemo;
			};
			name = Release;
		};
/* End XCBuildConfiguration section */

/* Begin XCConfigurationList section */
		1D0FF04F1ECED23200022452 /* Build configuration list for PBXProject "SKFPageViewDemo" */ = {
			isa = XCConfigurationList;
			buildConfigurations = (
				1D0FF07A1ECED23200022452 /* Debug */,
				1D0FF07B1ECED23200022452 /* Release */,
			);
			defaultConfigurationIsVisible = 0;
			defaultConfigurationName = Release;
		};
		1D0FF07C1ECED23200022452 /* Build configuration list for PBXNativeTarget "SKFPageViewDemo" */ = {
			isa = XCConfigurationList;
			buildConfigurations = (
				1D0FF07D1ECED23200022452 /* Debug */,
				1D0FF07E1ECED23200022452 /* Release */,
			);
			defaultConfigurationIsVisible = 0;
		};
		1D0FF07F1ECED23200022452 /* Build configuration list for PBXNativeTarget "SKFPageViewDemoTests" */ = {
			isa = XCConfigurationList;
			buildConfigurations = (
				1D0FF0801ECED23200022452 /* Debug */,
				1D0FF0811ECED23200022452 /* Release */,
			);
			defaultConfigurationIsVisible = 0;
		};
		1D0FF0821ECED23200022452 /* Build configuration list for PBXNativeTarget "SKFPageViewDemoUITests" */ = {
			isa = XCConfigurationList;
			buildConfigurations = (
				1D0FF0831ECED23200022452 /* Debug */,
				1D0FF0841ECED23200022452 /* Release */,
			);
			defaultConfigurationIsVisible = 0;
		};
/* End XCConfigurationList section */
	};
	rootObject = 1D0FF04C1ECED23200022452 /* Project object */;
}
